
Microsoft Visual Studio Solution File, Format Version 12.00
# Visual Studio 2015
Project("{FAE04EC0-301F-11D3-BF4B-00C04F79EFBC}") = "ConstructGame", "ConstructGame.csproj", "{DB3BCB70-6D10-1F07-7799-93294304D311}"
EndProject
Global
	GlobalSection(SolutionConfigurationPlatforms) = preSolution
		Debug|Any CPU = Debug|Any CPU
		Release|Any CPU = Release|Any CPU
	EndGlobalSection
	GlobalSection(ProjectConfigurationPlatforms) = postSolution
		{DB3BCB70-6D10-1F07-7799-93294304D311}.Debug|Any CPU.ActiveCfg = Debug|Any CPU
		{DB3BCB70-6D10-1F07-7799-93294304D311}.Debug|Any CPU.Build.0 = Debug|Any CPU
		{DB3BCB70-6D10-1F07-7799-93294304D311}.Release|Any CPU.ActiveCfg = Release|Any CPU
		{DB3BCB70-6D10-1F07-7799-93294304D311}.Release|Any CPU.Build.0 = Release|Any CPU
	EndGlobalSection
	GlobalSection(SolutionProperties) = preSolution
		HideSolutionNode = FALSE
	EndGlobalSection
EndGlobal
